
Microsoft Visual Studio Solution File, Format Version 12.00
# Visual Studio Version 17
VisualStudioVersion = 17.8.34511.84
MinimumVisualStudioVersion = 10.0.40219.1
Project("{FAE04EC0-301F-11D3-BF4B-00C04F79EFBC}") = "WindowsFormsApp1", "WindowsFormsApp1\WindowsFormsApp1.csproj", "{B03D1566-C9FB-4812-9E07-9BEE719E947A}"
EndProject
Project("{FAE04EC0-301F-11D3-BF4B-00C04F79EFBC}") = "Registration", "Registration\Registration.csproj", "{9F380292-D848-4E48-9BEA-9B0CB3CA123A}"
EndProject
Project("{FAE04EC0-301F-11D3-BF4B-00C04F79EFBC}") = "Trainees List", "Trainees List\Trainees List.csproj", "{00164510-C4CC-4972-A347-7224BC16DB07}"
EndProject
Global
	GlobalSection(SolutionConfigurationPlatforms) = preSolution
		Debug|Any CPU = Debug|Any CPU
		Release|Any CPU = Release|Any CPU
	EndGlobalSection
	GlobalSection(ProjectConfigurationPlatforms) = postSolution
		{B03D1566-C9FB-4812-9E07-9BEE719E947A}.Debug|Any CPU.ActiveCfg = Debug|Any CPU
		{B03D1566-C9FB-4812-9E07-9BEE719E947A}.Debug|Any CPU.Build.0 = Debug|Any CPU
		{B03D1566-C9FB-4812-9E07-9BEE719E947A}.Release|Any CPU.ActiveCfg = Release|Any CPU
		{B03D1566-C9FB-4812-9E07-9BEE719E947A}.Release|Any CPU.Build.0 = Release|Any CPU
		{9F380292-D848-4E48-9BEA-9B0CB3CA123A}.Debug|Any CPU.ActiveCfg = Debug|Any CPU
		{9F380292-D848-4E48-9BEA-9B0CB3CA123A}.Debug|Any CPU.Build.0 = Debug|Any CPU
		{9F380292-D848-4E48-9BEA-9B0CB3CA123A}.Release|Any CPU.ActiveCfg = Release|Any CPU
		{9F380292-D848-4E48-9BEA-9B0CB3CA123A}.Release|Any CPU.Build.0 = Release|Any CPU
		{00164510-C4CC-4972-A347-7224BC16DB07}.Debug|Any CPU.ActiveCfg = Debug|Any CPU
		{00164510-C4CC-4972-A347-7224BC16DB07}.Debug|Any CPU.Build.0 = Debug|Any CPU
		{00164510-C4CC-4972-A347-7224BC16DB07}.Release|Any CPU.ActiveCfg = Release|Any CPU
		{00164510-C4CC-4972-A347-7224BC16DB07}.Release|Any CPU.Build.0 = Release|Any CPU
	EndGlobalSection
	GlobalSection(SolutionProperties) = preSolution
		HideSolutionNode = FALSE
	EndGlobalSection
	GlobalSection(ExtensibilityGlobals) = postSolution
		SolutionGuid = {2DFC56E5-AFEC-4E75-B895-C31C84EECBDA}
	EndGlobalSection
EndGlobal
